// !$*UTF8*$!
{
	archiveVersion = 1;
	classes = {
	};
	objectVersion = 46;
	objects = {

/* Begin PBXBuildFile section */
		3D0E7D7A77278CCD22C527C8 /* libPods-PC ControllerUITests.a in Frameworks */ = {isa = PBXBuildFile; fileRef = E46185889575E58DEA414E1C /* libPods-PC ControllerUITests.a */; };
		45311DDA1D77CEDD00B8E34F /* main.m in Sources */ = {isa = PBXBuildFile; fileRef = 45311DD91D77CEDD00B8E34F /* main.m */; };
		45311DDD1D77CEDD00B8E34F /* AppDelegate.m in Sources */ = {isa = PBXBuildFile; fileRef = 45311DDC1D77CEDD00B8E34F /* AppDelegate.m */; };
		45311DE31D77CEDD00B8E34F /* Main.storyboard in Resources */ = {isa = PBXBuildFile; fileRef = 45311DE11D77CEDD00B8E34F /* Main.storyboard */; };
		45311DE61D77CEDD00B8E34F /* PC_Controller.xcdatamodeld in Sources */ = {isa = PBXBuildFile; fileRef = 45311DE41D77CEDD00B8E34F /* PC_Controller.xcdatamodeld */; };
		45311DE81D77CEDD00B8E34F /* Assets.xcassets in Resources */ = {isa = PBXBuildFile; fileRef = 45311DE71D77CEDD00B8E34F /* Assets.xcassets */; };
		45311DEB1D77CEDD00B8E34F /* LaunchScreen.storyboard in Resources */ = {isa = PBXBuildFile; fileRef = 45311DE91D77CEDD00B8E34F /* LaunchScreen.storyboard */; };
		45311DF61D77CEDD00B8E34F /* PC_ControllerTests.m in Sources */ = {isa = PBXBuildFile; fileRef = 45311DF51D77CEDD00B8E34F /* PC_ControllerTests.m */; };
		45311E011D77CEDD00B8E34F /* PC_ControllerUITests.m in Sources */ = {isa = PBXBuildFile; fileRef = 45311E001D77CEDD00B8E34F /* PC_ControllerUITests.m */; };
		45311E121D7819FD00B8E34F /* WFTabbarController.m in Sources */ = {isa = PBXBuildFile; fileRef = 45311E111D7819FD00B8E34F /* WFTabbarController.m */; };
		45311E161D781D5D00B8E34F /* WFControlController.m in Sources */ = {isa = PBXBuildFile; fileRef = 45311E151D781D5D00B8E34F /* WFControlController.m */; };
		45311E191D781D9A00B8E34F /* ViewController.m in Sources */ = {isa = PBXBuildFile; fileRef = 45311E181D781D9A00B8E34F /* ViewController.m */; };
		45311E1C1D781DCE00B8E34F /* WFDocumentController.m in Sources */ = {isa = PBXBuildFile; fileRef = 45311E1B1D781DCE00B8E34F /* WFDocumentController.m */; };
		45311E1F1D78210000B8E34F /* WFMyController.m in Sources */ = {isa = PBXBuildFile; fileRef = 45311E1E1D78210000B8E34F /* WFMyController.m */; };
		45311E281D782C0400B8E34F /* WFFunction.m in Sources */ = {isa = PBXBuildFile; fileRef = 45311E271D782C0400B8E34F /* WFFunction.m */; };
		453A1DFA1D88298500F51191 /* WFPopController.m in Sources */ = {isa = PBXBuildFile; fileRef = 453A1DF91D88298500F51191 /* WFPopController.m */; };
		453A1DFD1D8832D600F51191 /* WFTextfield.m in Sources */ = {isa = PBXBuildFile; fileRef = 453A1DFC1D8832D600F51191 /* WFTextfield.m */; };
		453A1E031D88393F00F51191 /* easing.c in Sources */ = {isa = PBXBuildFile; fileRef = 453A1DFF1D88393F00F51191 /* easing.c */; };
		453A1E041D88393F00F51191 /* YXEasing.m in Sources */ = {isa = PBXBuildFile; fileRef = 453A1E021D88393F00F51191 /* YXEasing.m */; };
		45FB86291D8ABB1700B8B4A6 /* WFPowerPPTView.m in Sources */ = {isa = PBXBuildFile; fileRef = 45FB86281D8ABB1700B8B4A6 /* WFPowerPPTView.m */; };
		D1B8C0092100A9C1B8F4A337 /* libPods-PC Controller.a in Frameworks */ = {isa = PBXBuildFile; fileRef = 9CD90A47CC328591DD092EC8 /* libPods-PC Controller.a */; };
		EFBFA1670D1AD9C214AE804D /* libPods-PC ControllerTests.a in Frameworks */ = {isa = PBXBuildFile; fileRef = C876C11D2FD632AAD8A17BF1 /* libPods-PC ControllerTests.a */; };
/* End PBXBuildFile section */

/* Begin PBXContainerItemProxy section */
		45311DF21D77CEDD00B8E34F /* PBXContainerItemProxy */ = {
			isa = PBXContainerItemProxy;
			containerPortal = 45311DCD1D77CEDC00B8E34F /* Project object */;
			proxyType = 1;
			remoteGlobalIDString = 45311DD41D77CEDC00B8E34F;
			remoteInfo = "PC Controller";
		};
		45311DFD1D77CEDD00B8E34F /* PBXContainerItemProxy */ = {
			isa = PBXContainerItemProxy;
			containerPortal = 45311DCD1D77CEDC00B8E34F /* Project object */;
			proxyType = 1;
			remoteGlobalIDString = 45311DD41D77CEDC00B8E34F;
			remoteInfo = "PC Controller";
		};
/* End PBXContainerItemProxy section */

/* Begin PBXFileReference section */
		20947D8B8181D8E4FCD8D344 /* Pods-PC ControllerTests.debug.xcconfig */ = {isa = PBXFileReference; includeInIndex = 1; lastKnownFileType = text.xcconfig; name = "Pods-PC ControllerTests.debug.xcconfig"; path = "Pods/Target Support Files/Pods-PC ControllerTests/Pods-PC ControllerTests.debug.xcconfig"; sourceTree = "<group>"; };
		45311DD51D77CEDC00B8E34F /* PC Controller.app */ = {isa = PBXFileReference; explicitFileType = wrapper.application; includeInIndex = 0; path = "PC Controller.app"; sourceTree = BUILT_PRODUCTS_DIR; };
		45311DD91D77CEDD00B8E34F /* main.m */ = {isa = PBXFileReference; lastKnownFileType = sourcecode.c.objc; path = main.m; sourceTree = "<group>"; };
		45311DDB1D77CEDD00B8E34F /* AppDelegate.h */ = {isa = PBXFileReference; lastKnownFileType = sourcecode.c.h; path = AppDelegate.h; sourceTree = "<group>"; };
		45311DDC1D77CEDD00B8E34F /* AppDelegate.m */ = {isa = PBXFileReference; lastKnownFileType = sourcecode.c.objc; path = AppDelegate.m; sourceTree = "<group>"; };
		45311DE21D77CEDD00B8E34F /* Base */ = {isa = PBXFileReference; lastKnownFileType = file.storyboard; name = Base; path = Base.lproj/Main.storyboard; sourceTree = "<group>"; };
		45311DE51D77CEDD00B8E34F /* PC_Controller.xcdatamodel */ = {isa = PBXFileReference; lastKnownFileType = wrapper.xcdatamodel; path = PC_Controller.xcdatamodel; sourceTree = "<group>"; };
		45311DE71D77CEDD00B8E34F /* Assets.xcassets */ = {isa = PBXFileReference; lastKnownFileType = folder.assetcatalog; path = Assets.xcassets; sourceTree = "<group>"; };
		45311DEA1D77CEDD00B8E34F /* Base */ = {isa = PBXFileReference; lastKnownFileType = file.storyboard; name = Base; path = Base.lproj/LaunchScreen.storyboard; sourceTree = "<group>"; };
		45311DEC1D77CEDD00B8E34F /* Info.plist */ = {isa = PBXFileReference; lastKnownFileType = text.plist.xml; path = Info.plist; sourceTree = "<group>"; };
		45311DF11D77CEDD00B8E34F /* PC ControllerTests.xctest */ = {isa = PBXFileReference; explicitFileType = wrapper.cfbundle; includeInIndex = 0; path = "PC ControllerTests.xctest"; sourceTree = BUILT_PRODUCTS_DIR; };
		45311DF51D77CEDD00B8E34F /* PC_ControllerTests.m */ = {isa = PBXFileReference; lastKnownFileType = sourcecode.c.objc; path = PC_ControllerTests.m; sourceTree = "<group>"; };
		45311DF71D77CEDD00B8E34F /* Info.plist */ = {isa = PBXFileReference; lastKnownFileType = text.plist.xml; path = Info.plist; sourceTree = "<group>"; };
		45311DFC1D77CEDD00B8E34F /* PC ControllerUITests.xctest */ = {isa = PBXFileReference; explicitFileType = wrapper.cfbundle; includeInIndex = 0; path = "PC ControllerUITests.xctest"; sourceTree = BUILT_PRODUCTS_DIR; };
		45311E001D77CEDD00B8E34F /* PC_ControllerUITests.m */ = {isa = PBXFileReference; lastKnownFileType = sourcecode.c.objc; path = PC_ControllerUITests.m; sourceTree = "<group>"; };
		45311E021D77CEDD00B8E34F /* Info.plist */ = {isa = PBXFileReference; lastKnownFileType = text.plist.xml; path = Info.plist; sourceTree = "<group>"; };
		45311E101D7819FD00B8E34F /* WFTabbarController.h */ = {isa = PBXFileReference; fileEncoding = 4; lastKnownFileType = sourcecode.c.h; path = WFTabbarController.h; sourceTree = "<group>"; };
		45311E111D7819FD00B8E34F /* WFTabbarController.m */ = {isa = PBXFileReference; fileEncoding = 4; lastKnownFileType = sourcecode.c.objc; path = WFTabbarController.m; sourceTree = "<group>"; };
		45311E131D781B0200B8E34F /* PrefixHeader.pch */ = {isa = PBXFileReference; lastKnownFileType = sourcecode.c.h; path = PrefixHeader.pch; sourceTree = "<group>"; };
		45311E141D781D5D00B8E34F /* WFControlController.h */ = {isa = PBXFileReference; fileEncoding = 4; lastKnownFileType = sourcecode.c.h; path = WFControlController.h; sourceTree = "<group>"; };
		45311E151D781D5D00B8E34F /* WFControlController.m */ = {isa = PBXFileReference; fileEncoding = 4; lastKnownFileType = sourcecode.c.objc; path = WFControlController.m; sourceTree = "<group>"; };
		45311E171D781D9300B8E34F /* ViewController.h */ = {isa = PBXFileReference; lastKnownFileType = sourcecode.c.h; path = ViewController.h; sourceTree = "<group>"; };
		45311E181D781D9A00B8E34F /* ViewController.m */ = {isa = PBXFileReference; fileEncoding = 4; lastKnownFileType = sourcecode.c.objc; path = ViewController.m; sourceTree = "<group>"; };
		45311E1A1D781DCD00B8E34F /* WFDocumentController.h */ = {isa = PBXFileReference; fileEncoding = 4; lastKnownFileType = sourcecode.c.h; path = WFDocumentController.h; sourceTree = "<group>"; };
		45311E1B1D781DCE00B8E34F /* WFDocumentController.m */ = {isa = PBXFileReference; fileEncoding = 4; lastKnownFileType = sourcecode.c.objc; path = WFDocumentController.m; sourceTree = "<group>"; };
		45311E1D1D78210000B8E34F /* WFMyController.h */ = {isa = PBXFileReference; fileEncoding = 4; lastKnownFileType = sourcecode.c.h; path = WFMyController.h; sourceTree = "<group>"; };
		45311E1E1D78210000B8E34F /* WFMyController.m */ = {isa = PBXFileReference; fileEncoding = 4; lastKnownFileType = sourcecode.c.objc; path = WFMyController.m; sourceTree = "<group>"; };
		45311E261D782C0400B8E34F /* WFFunction.h */ = {isa = PBXFileReference; fileEncoding = 4; lastKnownFileType = sourcecode.c.h; path = WFFunction.h; sourceTree = "<group>"; };
		45311E271D782C0400B8E34F /* WFFunction.m */ = {isa = PBXFileReference; fileEncoding = 4; lastKnownFileType = sourcecode.c.objc; path = WFFunction.m; sourceTree = "<group>"; };
		453A1DF81D88298500F51191 /* WFPopController.h */ = {isa = PBXFileReference; fileEncoding = 4; lastKnownFileType = sourcecode.c.h; path = WFPopController.h; sourceTree = "<group>"; };
		453A1DF91D88298500F51191 /* WFPopController.m */ = {isa = PBXFileReference; fileEncoding = 4; lastKnownFileType = sourcecode.c.objc; path = WFPopController.m; sourceTree = "<group>"; };
		453A1DFB1D8832D600F51191 /* WFTextfield.h */ = {isa = PBXFileReference; fileEncoding = 4; lastKnownFileType = sourcecode.c.h; path = WFTextfield.h; sourceTree = "<group>"; };
		453A1DFC1D8832D600F51191 /* WFTextfield.m */ = {isa = PBXFileReference; fileEncoding = 4; lastKnownFileType = sourcecode.c.objc; path = WFTextfield.m; sourceTree = "<group>"; };
		453A1DFF1D88393F00F51191 /* easing.c */ = {isa = PBXFileReference; fileEncoding = 4; lastKnownFileType = sourcecode.c.c; path = easing.c; sourceTree = "<group>"; };
		453A1E001D88393F00F51191 /* easing.h */ = {isa = PBXFileReference; fileEncoding = 4; lastKnownFileType = sourcecode.c.h; path = easing.h; sourceTree = "<group>"; };
		453A1E011D88393F00F51191 /* YXEasing.h */ = {isa = PBXFileReference; fileEncoding = 4; lastKnownFileType = sourcecode.c.h; path = YXEasing.h; sourceTree = "<group>"; };
		453A1E021D88393F00F51191 /* YXEasing.m */ = {isa = PBXFileReference; fileEncoding = 4; lastKnownFileType = sourcecode.c.objc; path = YXEasing.m; sourceTree = "<group>"; };
		45FB86271D8ABB1700B8B4A6 /* WFPowerPPTView.h */ = {isa = PBXFileReference; fileEncoding = 4; lastKnownFileType = sourcecode.c.h; path = WFPowerPPTView.h; sourceTree = "<group>"; };
		45FB86281D8ABB1700B8B4A6 /* WFPowerPPTView.m */ = {isa = PBXFileReference; fileEncoding = 4; lastKnownFileType = sourcecode.c.objc; path = WFPowerPPTView.m; sourceTree = "<group>"; };
		4EACEE18716FC4E849B0C976 /* Pods-PC Controller.debug.xcconfig */ = {isa = PBXFileReference; includeInIndex = 1; lastKnownFileType = text.xcconfig; name = "Pods-PC Controller.debug.xcconfig"; path = "Pods/Target Support Files/Pods-PC Controller/Pods-PC Controller.debug.xcconfig"; sourceTree = "<group>"; };
		9CD90A47CC328591DD092EC8 /* libPods-PC Controller.a */ = {isa = PBXFileReference; explicitFileType = archive.ar; includeInIndex = 0; path = "libPods-PC Controller.a"; sourceTree = BUILT_PRODUCTS_DIR; };
		9E794A0C4DBFE9B7E752D306 /* Pods-PC ControllerTests.release.xcconfig */ = {isa = PBXFileReference; includeInIndex = 1; lastKnownFileType = text.xcconfig; name = "Pods-PC ControllerTests.release.xcconfig"; path = "Pods/Target Support Files/Pods-PC ControllerTests/Pods-PC ControllerTests.release.xcconfig"; sourceTree = "<group>"; };
		9FD3BB16AB1398E3568F23B3 /* Pods-PC ControllerUITests.debug.xcconfig */ = {isa = PBXFileReference; includeInIndex = 1; lastKnownFileType = text.xcconfig; name = "Pods-PC ControllerUITests.debug.xcconfig"; path = "Pods/Target Support Files/Pods-PC ControllerUITests/Pods-PC ControllerUITests.debug.xcconfig"; sourceTree = "<group>"; };
		C876C11D2FD632AAD8A17BF1 /* libPods-PC ControllerTests.a */ = {isa = PBXFileReference; explicitFileType = archive.ar; includeInIndex = 0; path = "libPods-PC ControllerTests.a"; sourceTree = BUILT_PRODUCTS_DIR; };
		E1644824F03E262109E9F874 /* Pods-PC ControllerUITests.release.xcconfig */ = {isa = PBXFileReference; includeInIndex = 1; lastKnownFileType = text.xcconfig; name = "Pods-PC ControllerUITests.release.xcconfig"; path = "Pods/Target Support Files/Pods-PC ControllerUITests/Pods-PC ControllerUITests.release.xcconfig"; sourceTree = "<group>"; };
		E46185889575E58DEA414E1C /* libPods-PC ControllerUITests.a */ = {isa = PBXFileReference; explicitFileType = archive.ar; includeInIndex = 0; path = "libPods-PC ControllerUITests.a"; sourceTree = BUILT_PRODUCTS_DIR; };
		F09B7A10A96BE7DAE6B7C861 /* Pods-PC Controller.release.xcconfig */ = {isa = PBXFileReference; includeInIndex = 1; lastKnownFileType = text.xcconfig; name = "Pods-PC Controller.release.xcconfig"; path = "Pods/Target Support Files/Pods-PC Controller/Pods-PC Controller.release.xcconfig"; sourceTree = "<group>"; };
/* End PBXFileReference section */

/* Begin PBXFrameworksBuildPhase section */
		45311DD21D77CEDC00B8E34F /* Frameworks */ = {
			isa = PBXFrameworksBuildPhase;
			buildActionMask = 2147483647;
			files = (
				D1B8C0092100A9C1B8F4A337 /* libPods-PC Controller.a in Frameworks */,
			);
			runOnlyForDeploymentPostprocessing = 0;
		};
		45311DEE1D77CEDD00B8E34F /* Frameworks */ = {
			isa = PBXFrameworksBuildPhase;
			buildActionMask = 2147483647;
			files = (
				EFBFA1670D1AD9C214AE804D /* libPods-PC ControllerTests.a in Frameworks */,
			);
			runOnlyForDeploymentPostprocessing = 0;
		};
		45311DF91D77CEDD00B8E34F /* Frameworks */ = {
			isa = PBXFrameworksBuildPhase;
			buildActionMask = 2147483647;
			files = (
				3D0E7D7A77278CCD22C527C8 /* libPods-PC ControllerUITests.a in Frameworks */,
			);
			runOnlyForDeploymentPostprocessing = 0;
		};
/* End PBXFrameworksBuildPhase section */

/* Begin PBXGroup section */
		3064D3E35A0A1292D366AA18 /* Frameworks */ = {
			isa = PBXGroup;
			children = (
				9CD90A47CC328591DD092EC8 /* libPods-PC Controller.a */,
				C876C11D2FD632AAD8A17BF1 /* libPods-PC ControllerTests.a */,
				E46185889575E58DEA414E1C /* libPods-PC ControllerUITests.a */,
			);
			name = Frameworks;
			sourceTree = "<group>";
		};
		45311DCC1D77CEDC00B8E34F = {
			isa = PBXGroup;
			children = (
				45311DD71D77CEDD00B8E34F /* PC Controller */,
				45311DF41D77CEDD00B8E34F /* PC ControllerTests */,
				45311DFF1D77CEDD00B8E34F /* PC ControllerUITests */,
				45311DD61D77CEDC00B8E34F /* Products */,
				7C4DF98F20C6434E656F6960 /* Pods */,
				3064D3E35A0A1292D366AA18 /* Frameworks */,
			);
			sourceTree = "<group>";
		};
		45311DD61D77CEDC00B8E34F /* Products */ = {
			isa = PBXGroup;
			children = (
				45311DD51D77CEDC00B8E34F /* PC Controller.app */,
				45311DF11D77CEDD00B8E34F /* PC ControllerTests.xctest */,
				45311DFC1D77CEDD00B8E34F /* PC ControllerUITests.xctest */,
			);
			name = Products;
			sourceTree = "<group>";
		};
		45311DD71D77CEDD00B8E34F /* PC Controller */ = {
			isa = PBXGroup;
			children = (
				45311E231D782A9E00B8E34F /* Other */,
				45311E241D782B0000B8E34F /* Sourse */,
				45311E211D78286F00B8E34F /* Control */,
				45311E201D78286A00B8E34F /* Documengt */,
				45311E251D782B3D00B8E34F /* Download */,
				453A1DFE1D8838BA00F51191 /* third */,
				45311DD81D77CEDD00B8E34F /* Supporting Files */,
			);
			path = "PC Controller";
			sourceTree = "<group>";
		};
		45311DD81D77CEDD00B8E34F /* Supporting Files */ = {
			isa = PBXGroup;
			children = (
				45311DD91D77CEDD00B8E34F /* main.m */,
			);
			name = "Supporting Files";
			sourceTree = "<group>";
		};
		45311DF41D77CEDD00B8E34F /* PC ControllerTests */ = {
			isa = PBXGroup;
			children = (
				45311DF51D77CEDD00B8E34F /* PC_ControllerTests.m */,
				45311DF71D77CEDD00B8E34F /* Info.plist */,
			);
			path = "PC ControllerTests";
			sourceTree = "<group>";
		};
		45311DFF1D77CEDD00B8E34F /* PC ControllerUITests */ = {
			isa = PBXGroup;
			children = (
				45311E001D77CEDD00B8E34F /* PC_ControllerUITests.m */,
				45311E021D77CEDD00B8E34F /* Info.plist */,
			);
			path = "PC ControllerUITests";
			sourceTree = "<group>";
		};
		45311E201D78286A00B8E34F /* Documengt */ = {
			isa = PBXGroup;
			children = (
				45311E1A1D781DCD00B8E34F /* WFDocumentController.h */,
				45311E1B1D781DCE00B8E34F /* WFDocumentController.m */,
			);
			name = Documengt;
			sourceTree = "<group>";
		};
		45311E211D78286F00B8E34F /* Control */ = {
			isa = PBXGroup;
			children = (
				45311E291D782C0B00B8E34F /* Controller */,
				45311E2A1D782C2500B8E34F /* View */,
			);
			name = Control;
			sourceTree = "<group>";
		};
		45311E231D782A9E00B8E34F /* Other */ = {
			isa = PBXGroup;
			children = (
				45311DDB1D77CEDD00B8E34F /* AppDelegate.h */,
				45311DDC1D77CEDD00B8E34F /* AppDelegate.m */,
				45311E131D781B0200B8E34F /* PrefixHeader.pch */,
				45311E101D7819FD00B8E34F /* WFTabbarController.h */,
				45311E111D7819FD00B8E34F /* WFTabbarController.m */,
				45311E171D781D9300B8E34F /* ViewController.h */,
				45311E181D781D9A00B8E34F /* ViewController.m */,
			);
			name = Other;
			sourceTree = "<group>";
		};
		45311E241D782B0000B8E34F /* Sourse */ = {
			isa = PBXGroup;
			children = (
				45311DE11D77CEDD00B8E34F /* Main.storyboard */,
				45311DE71D77CEDD00B8E34F /* Assets.xcassets */,
				45311DE91D77CEDD00B8E34F /* LaunchScreen.storyboard */,
				45311DEC1D77CEDD00B8E34F /* Info.plist */,
				45311DE41D77CEDD00B8E34F /* PC_Controller.xcdatamodeld */,
			);
			name = Sourse;
			sourceTree = "<group>";
		};
		45311E251D782B3D00B8E34F /* Download */ = {
			isa = PBXGroup;
			children = (
				45311E1D1D78210000B8E34F /* WFMyController.h */,
				45311E1E1D78210000B8E34F /* WFMyController.m */,
			);
			name = Download;
			sourceTree = "<group>";
		};
		45311E291D782C0B00B8E34F /* Controller */ = {
			isa = PBXGroup;
			children = (
				45311E141D781D5D00B8E34F /* WFControlController.h */,
				45311E151D781D5D00B8E34F /* WFControlController.m */,
				453A1DF81D88298500F51191 /* WFPopController.h */,
				453A1DF91D88298500F51191 /* WFPopController.m */,
			);
			name = Controller;
			sourceTree = "<group>";
		};
		45311E2A1D782C2500B8E34F /* View */ = {
			isa = PBXGroup;
			children = (
				45311E261D782C0400B8E34F /* WFFunction.h */,
				45311E271D782C0400B8E34F /* WFFunction.m */,
				453A1DFB1D8832D600F51191 /* WFTextfield.h */,
				453A1DFC1D8832D600F51191 /* WFTextfield.m */,
				45FB86271D8ABB1700B8B4A6 /* WFPowerPPTView.h */,
				45FB86281D8ABB1700B8B4A6 /* WFPowerPPTView.m */,
			);
			name = View;
			sourceTree = "<group>";
		};
		453A1DFE1D8838BA00F51191 /* third */ = {
			isa = PBXGroup;
			children = (
				453A1DFF1D88393F00F51191 /* easing.c */,
				453A1E001D88393F00F51191 /* easing.h */,
				453A1E011D88393F00F51191 /* YXEasing.h */,
				453A1E021D88393F00F51191 /* YXEasing.m */,
			);
			name = third;
			sourceTree = "<group>";
		};
		7C4DF98F20C6434E656F6960 /* Pods */ = {
			isa = PBXGroup;
			children = (
				4EACEE18716FC4E849B0C976 /* Pods-PC Controller.debug.xcconfig */,
				F09B7A10A96BE7DAE6B7C861 /* Pods-PC Controller.release.xcconfig */,
				20947D8B8181D8E4FCD8D344 /* Pods-PC ControllerTests.debug.xcconfig */,
				9E794A0C4DBFE9B7E752D306 /* Pods-PC ControllerTests.release.xcconfig */,
				9FD3BB16AB1398E3568F23B3 /* Pods-PC ControllerUITests.debug.xcconfig */,
				E1644824F03E262109E9F874 /* Pods-PC ControllerUITests.release.xcconfig */,
			);
			name = Pods;
			sourceTree = "<group>";
		};
/* End PBXGroup section */

/* Begin PBXNativeTarget section */
		45311DD41D77CEDC00B8E34F /* PC Controller */ = {
			isa = PBXNativeTarget;
			buildConfigurationList = 45311E051D77CEDD00B8E34F /* Build configuration list for PBXNativeTarget "PC Controller" */;
			buildPhases = (
				114FEE25BF744272575E575B /* 📦 Check Pods Manifest.lock */,
				45311DD11D77CEDC00B8E34F /* Sources */,
				45311DD21D77CEDC00B8E34F /* Frameworks */,
				45311DD31D77CEDC00B8E34F /* Resources */,
				0A98A34DF1EE7E8E6CE0A5E5 /* 📦 Embed Pods Frameworks */,
				9798CE2953961A9C4E24A283 /* 📦 Copy Pods Resources */,
			);
			buildRules = (
			);
			dependencies = (
			);
			name = "PC Controller";
			productName = "PC Controller";
			productReference = 45311DD51D77CEDC00B8E34F /* PC Controller.app */;
			productType = "com.apple.product-type.application";
		};
		45311DF01D77CEDD00B8E34F /* PC ControllerTests */ = {
			isa = PBXNativeTarget;
			buildConfigurationList = 45311E081D77CEDD00B8E34F /* Build configuration list for PBXNativeTarget "PC ControllerTests" */;
			buildPhases = (
				131FFD4D57C85B11CC399A83 /* 📦 Check Pods Manifest.lock */,
				45311DED1D77CEDD00B8E34F /* Sources */,
				45311DEE1D77CEDD00B8E34F /* Frameworks */,
				45311DEF1D77CEDD00B8E34F /* Resources */,
				8F9573560BD92CEDF36C9393 /* 📦 Embed Pods Frameworks */,
				85788247BDD00CCC0835CCC7 /* 📦 Copy Pods Resources */,
			);
			buildRules = (
			);
			dependencies = (
				45311DF31D77CEDD00B8E34F /* PBXTargetDependency */,
			);
			name = "PC ControllerTests";
			productName = "PC ControllerTests";
			productReference = 45311DF11D77CEDD00B8E34F /* PC ControllerTests.xctest */;
			productType = "com.apple.product-type.bundle.unit-test";
		};
		45311DFB1D77CEDD00B8E34F /* PC ControllerUITests */ = {
			isa = PBXNativeTarget;
			buildConfigurationList = 45311E0B1D77CEDD00B8E34F /* Build configuration list for PBXNativeTarget "PC ControllerUITests" */;
			buildPhases = (
				9E5E75C90CB5F48AB5DFCB2B /* 📦 Check Pods Manifest.lock */,
				45311DF81D77CEDD00B8E34F /* Sources */,
				45311DF91D77CEDD00B8E34F /* Frameworks */,
				45311DFA1D77CEDD00B8E34F /* Resources */,
				0739B0FD7D12458E02630F00 /* 📦 Copy Pods Resources */,
			);
			buildRules = (
			);
			dependencies = (
				45311DFE1D77CEDD00B8E34F /* PBXTargetDependency */,
			);
			name = "PC ControllerUITests";
			productName = "PC ControllerUITests";
			productReference = 45311DFC1D77CEDD00B8E34F /* PC ControllerUITests.xctest */;
			productType = "com.apple.product-type.bundle.ui-testing";
		};
/* End PBXNativeTarget section */

/* Begin PBXProject section */
		45311DCD1D77CEDC00B8E34F /* Project object */ = {
			isa = PBXProject;
			attributes = {
				LastUpgradeCheck = 0730;
				ORGANIZATIONNAME = "iOS-aFei";
				TargetAttributes = {
					45311DD41D77CEDC00B8E34F = {
						CreatedOnToolsVersion = 7.3.1;
					};
					45311DF01D77CEDD00B8E34F = {
						CreatedOnToolsVersion = 7.3.1;
						TestTargetID = 45311DD41D77CEDC00B8E34F;
					};
					45311DFB1D77CEDD00B8E34F = {
						CreatedOnToolsVersion = 7.3.1;
						TestTargetID = 45311DD41D77CEDC00B8E34F;
					};
				};
			};
			buildConfigurationList = 45311DD01D77CEDC00B8E34F /* Build configuration list for PBXProject "PC Controller" */;
			compatibilityVersion = "Xcode 3.2";
			developmentRegion = English;
			hasScannedForEncodings = 0;
			knownRegions = (
				en,
				Base,
			);
			mainGroup = 45311DCC1D77CEDC00B8E34F;
			productRefGroup = 45311DD61D77CEDC00B8E34F /* Products */;
			projectDirPath = "";
			projectRoot = "";
			targets = (
				45311DD41D77CEDC00B8E34F /* PC Controller */,
				45311DF01D77CEDD00B8E34F /* PC ControllerTests */,
				45311DFB1D77CEDD00B8E34F /* PC ControllerUITests */,
			);
		};
/* End PBXProject section */

/* Begin PBXResourcesBuildPhase section */
		45311DD31D77CEDC00B8E34F /* Resources */ = {
			isa = PBXResourcesBuildPhase;
			buildActionMask = 2147483647;
			files = (
				45311DEB1D77CEDD00B8E34F /* LaunchScreen.storyboard in Resources */,
				45311DE81D77CEDD00B8E34F /* Assets.xcassets in Resources */,
				45311DE31D77CEDD00B8E34F /* Main.storyboard in Resources */,
			);
			runOnlyForDeploymentPostprocessing = 0;
		};
		45311DEF1D77CEDD00B8E34F /* Resources */ = {
			isa = PBXResourcesBuildPhase;
			buildActionMask = 2147483647;
			files = (
			);
			runOnlyForDeploymentPostprocessing = 0;
		};
		45311DFA1D77CEDD00B8E34F /* Resources */ = {
			isa = PBXResourcesBuildPhase;
			buildActionMask = 2147483647;
			files = (
			);
			runOnlyForDeploymentPostprocessing = 0;
		};
/* End PBXResourcesBuildPhase section */

/* Begin PBXShellScriptBuildPhase section */
		0739B0FD7D12458E02630F00 /* 📦 Copy Pods Resources */ = {
			isa = PBXShellScriptBuildPhase;
			buildActionMask = 2147483647;
			files = (
			);
			inputPaths = (
			);
			name = "📦 Copy Pods Resources";
			outputPaths = (
			);
			runOnlyForDeploymentPostprocessing = 0;
			shellPath = /bin/sh;
			shellScript = "\"${SRCROOT}/Pods/Target Support Files/Pods-PC ControllerUITests/Pods-PC ControllerUITests-resources.sh\"\n";
			showEnvVarsInLog = 0;
		};
		0A98A34DF1EE7E8E6CE0A5E5 /* 📦 Embed Pods Frameworks */ = {
			isa = PBXShellScriptBuildPhase;
			buildActionMask = 2147483647;
			files = (
			);
			inputPaths = (
			);
			name = "📦 Embed Pods Frameworks";
			outputPaths = (
			);
			runOnlyForDeploymentPostprocessing = 0;
			shellPath = /bin/sh;
			shellScript = "\"${SRCROOT}/Pods/Target Support Files/Pods-PC Controller/Pods-PC Controller-frameworks.sh\"\n";
			showEnvVarsInLog = 0;
		};
		114FEE25BF744272575E575B /* 📦 Check Pods Manifest.lock */ = {
			isa = PBXShellScriptBuildPhase;
			buildActionMask = 2147483647;
			files = (
			);
			inputPaths = (
			);
			name = "📦 Check Pods Manifest.lock";
			outputPaths = (
			);
			runOnlyForDeploymentPostprocessing = 0;
			shellPath = /bin/sh;
			shellScript = "diff \"${PODS_ROOT}/../Podfile.lock\" \"${PODS_ROOT}/Manifest.lock\" > /dev/null\nif [[ $? != 0 ]] ; then\n    cat << EOM\nerror: The sandbox is not in sync with the Podfile.lock. Run 'pod install' or update your CocoaPods installation.\nEOM\n    exit 1\nfi\n";
			showEnvVarsInLog = 0;
		};
		131FFD4D57C85B11CC399A83 /* 📦 Check Pods Manifest.lock */ = {
			isa = PBXShellScriptBuildPhase;
			buildActionMask = 2147483647;
			files = (
			);
			inputPaths = (
			);
			name = "📦 Check Pods Manifest.lock";
			outputPaths = (
			);
			runOnlyForDeploymentPostprocessing = 0;
			shellPath = /bin/sh;
			shellScript = "diff \"${PODS_ROOT}/../Podfile.lock\" \"${PODS_ROOT}/Manifest.lock\" > /dev/null\nif [[ $? != 0 ]] ; then\n    cat << EOM\nerror: The sandbox is not in sync with the Podfile.lock. Run 'pod install' or update your CocoaPods installation.\nEOM\n    exit 1\nfi\n";
			showEnvVarsInLog = 0;
		};
		85788247BDD00CCC0835CCC7 /* 📦 Copy Pods Resources */ = {
			isa = PBXShellScriptBuildPhase;
			buildActionMask = 2147483647;
			files = (
			);
			inputPaths = (
			);
			name = "📦 Copy Pods Resources";
			outputPaths = (
			);
			runOnlyForDeploymentPostprocessing = 0;
			shellPath = /bin/sh;
			shellScript = "\"${SRCROOT}/Pods/Target Support Files/Pods-PC ControllerTests/Pods-PC ControllerTests-resources.sh\"\n";
			showEnvVarsInLog = 0;
		};
		8F9573560BD92CEDF36C9393 /* 📦 Embed Pods Frameworks */ = {
			isa = PBXShellScriptBuildPhase;
			buildActionMask = 2147483647;
			files = (
			);
			inputPaths = (
			);
			name = "📦 Embed Pods Frameworks";
			outputPaths = (
			);
			runOnlyForDeploymentPostprocessing = 0;
			shellPath = /bin/sh;
			shellScript = "\"${SRCROOT}/Pods/Target Support Files/Pods-PC ControllerTests/Pods-PC ControllerTests-frameworks.sh\"\n";
			showEnvVarsInLog = 0;
		};
		9798CE2953961A9C4E24A283 /* 📦 Copy Pods Resources */ = {
			isa = PBXShellScriptBuildPhase;
			buildActionMask = 2147483647;
			files = (
			);
			inputPaths = (
			);
			name = "📦 Copy Pods Resources";
			outputPaths = (
			);
			runOnlyForDeploymentPostprocessing = 0;
			shellPath = /bin/sh;
			shellScript = "\"${SRCROOT}/Pods/Target Support Files/Pods-PC Controller/Pods-PC Controller-resources.sh\"\n";
			showEnvVarsInLog = 0;
		};
		9E5E75C90CB5F48AB5DFCB2B /* 📦 Check Pods Manifest.lock */ = {
			isa = PBXShellScriptBuildPhase;
			buildActionMask = 2147483647;
			files = (
			);
			inputPaths = (
			);
			name = "📦 Check Pods Manifest.lock";
			outputPaths = (
			);
			runOnlyForDeploymentPostprocessing = 0;
			shellPath = /bin/sh;
			shellScript = "diff \"${PODS_ROOT}/../Podfile.lock\" \"${PODS_ROOT}/Manifest.lock\" > /dev/null\nif [[ $? != 0 ]] ; then\n    cat << EOM\nerror: The sandbox is not in sync with the Podfile.lock. Run 'pod install' or update your CocoaPods installation.\nEOM\n    exit 1\nfi\n";
			showEnvVarsInLog = 0;
		};
/* End PBXShellScriptBuildPhase section */

/* Begin PBXSourcesBuildPhase section */
		45311DD11D77CEDC00B8E34F /* Sources */ = {
			isa = PBXSourcesBuildPhase;
			buildActionMask = 2147483647;
			files = (
				453A1E031D88393F00F51191 /* easing.c in Sources */,
				45311E191D781D9A00B8E34F /* ViewController.m in Sources */,
				45311DE61D77CEDD00B8E34F /* PC_Controller.xcdatamodeld in Sources */,
				45311E1F1D78210000B8E34F /* WFMyController.m in Sources */,
				45FB86291D8ABB1700B8B4A6 /* WFPowerPPTView.m in Sources */,
				45311DDD1D77CEDD00B8E34F /* AppDelegate.m in Sources */,
				45311DDA1D77CEDD00B8E34F /* main.m in Sources */,
				45311E1C1D781DCE00B8E34F /* WFDocumentController.m in Sources */,
				453A1DFA1D88298500F51191 /* WFPopController.m in Sources */,
				453A1DFD1D8832D600F51191 /* WFTextfield.m in Sources */,
				45311E121D7819FD00B8E34F /* WFTabbarController.m in Sources */,
				453A1E041D88393F00F51191 /* YXEasing.m in Sources */,
				45311E161D781D5D00B8E34F /* WFControlController.m in Sources */,
				45311E281D782C0400B8E34F /* WFFunction.m in Sources */,
			);
			runOnlyForDeploymentPostprocessing = 0;
		};
		45311DED1D77CEDD00B8E34F /* Sources */ = {
			isa = PBXSourcesBuildPhase;
			buildActionMask = 2147483647;
			files = (
				45311DF61D77CEDD00B8E34F /* PC_ControllerTests.m in Sources */,
			);
			runOnlyForDeploymentPostprocessing = 0;
		};
		45311DF81D77CEDD00B8E34F /* Sources */ = {
			isa = PBXSourcesBuildPhase;
			buildActionMask = 2147483647;
			files = (
				45311E011D77CEDD00B8E34F /* PC_ControllerUITests.m in Sources */,
			);
			runOnlyForDeploymentPostprocessing = 0;
		};
/* End PBXSourcesBuildPhase section */

/* Begin PBXTargetDependency section */
		45311DF31D77CEDD00B8E34F /* PBXTargetDependency */ = {
			isa = PBXTargetDependency;
			target = 45311DD41D77CEDC00B8E34F /* PC Controller */;
			targetProxy = 45311DF21D77CEDD00B8E34F /* PBXContainerItemProxy */;
		};
		45311DFE1D77CEDD00B8E34F /* PBXTargetDependency */ = {
			isa = PBXTargetDependency;
			target = 45311DD41D77CEDC00B8E34F /* PC Controller */;
			targetProxy = 45311DFD1D77CEDD00B8E34F /* PBXContainerItemProxy */;
		};
/* End PBXTargetDependency section */

/* Begin PBXVariantGroup section */
		45311DE11D77CEDD00B8E34F /* Main.storyboard */ = {
			isa = PBXVariantGroup;
			children = (
				45311DE21D77CEDD00B8E34F /* Base */,
			);
			name = Main.storyboard;
			sourceTree = "<group>";
		};
		45311DE91D77CEDD00B8E34F /* LaunchScreen.storyboard */ = {
			isa = PBXVariantGroup;
			children = (
				45311DEA1D77CEDD00B8E34F /* Base */,
			);
			name = LaunchScreen.storyboard;
			sourceTree = "<group>";
		};
/* End PBXVariantGroup section */

/* Begin XCBuildConfiguration section */
		45311E031D77CEDD00B8E34F /* Debug */ = {
			isa = XCBuildConfiguration;
			buildSettings = {
				ALWAYS_SEARCH_USER_PATHS = NO;
				CLANG_ANALYZER_NONNULL = YES;
				CLANG_CXX_LANGUAGE_STANDARD = "gnu++0x";
				CLANG_CXX_LIBRARY = "libc++";
				CLANG_ENABLE_MODULES = YES;
				CLANG_ENABLE_OBJC_ARC = YES;
				CLANG_WARN_BOOL_CONVERSION = YES;
				CLANG_WARN_CONSTANT_CONVERSION = YES;
				CLANG_WARN_DIRECT_OBJC_ISA_USAGE = YES_ERROR;
				CLANG_WARN_EMPTY_BODY = YES;
				CLANG_WARN_ENUM_CONVERSION = YES;
				CLANG_WARN_INT_CONVERSION = YES;
				CLANG_WARN_OBJC_ROOT_CLASS = YES_ERROR;
				CLANG_WARN_UNREACHABLE_CODE = YES;
				CLANG_WARN__DUPLICATE_METHOD_MATCH = YES;
				"CODE_SIGN_IDENTITY[sdk=iphoneos*]" = "iPhone Developer";
				COPY_PHASE_STRIP = NO;
				DEBUG_INFORMATION_FORMAT = dwarf;
				ENABLE_STRICT_OBJC_MSGSEND = YES;
				ENABLE_TESTABILITY = YES;
				GCC_C_LANGUAGE_STANDARD = gnu99;
				GCC_DYNAMIC_NO_PIC = NO;
				GCC_NO_COMMON_BLOCKS = YES;
				GCC_OPTIMIZATION_LEVEL = 0;
				GCC_PREPROCESSOR_DEFINITIONS = (
					"DEBUG=1",
					"$(inherited)",
				);
				GCC_WARN_64_TO_32_BIT_CONVERSION = YES;
				GCC_WARN_ABOUT_RETURN_TYPE = YES_ERROR;
				GCC_WARN_UNDECLARED_SELECTOR = YES;
				GCC_WARN_UNINITIALIZED_AUTOS = YES_AGGRESSIVE;
				GCC_WARN_UNUSED_FUNCTION = YES;
				GCC_WARN_UNUSED_VARIABLE = YES;
				IPHONEOS_DEPLOYMENT_TARGET = 9.3;
				MTL_ENABLE_DEBUG_INFO = YES;
				ONLY_ACTIVE_ARCH = YES;
				SDKROOT = iphoneos;
				TARGETED_DEVICE_FAMILY = "1,2";
			};
			name = Debug;
		};
		45311E041D77CEDD00B8E34F /* Release */ = {
			isa = XCBuildConfiguration;
			buildSettings = {
				ALWAYS_SEARCH_USER_PATHS = NO;
				CLANG_ANALYZER_NONNULL = YES;
				CLANG_CXX_LANGUAGE_STANDARD = "gnu++0x";
				CLANG_CXX_LIBRARY = "libc++";
				CLANG_ENABLE_MODULES = YES;
				CLANG_ENABLE_OBJC_ARC = YES;
				CLANG_WARN_BOOL_CONVERSION = YES;
				CLANG_WARN_CONSTANT_CONVERSION = YES;
				CLANG_WARN_DIRECT_OBJC_ISA_USAGE = YES_ERROR;
				CLANG_WARN_EMPTY_BODY = YES;
				CLANG_WARN_ENUM_CONVERSION = YES;
				CLANG_WARN_INT_CONVERSION = YES;
				CLANG_WARN_OBJC_ROOT_CLASS = YES_ERROR;
				CLANG_WARN_UNREACHABLE_CODE = YES;
				CLANG_WARN__DUPLICATE_METHOD_MATCH = YES;
				"CODE_SIGN_IDENTITY[sdk=iphoneos*]" = "iPhone Developer";
				COPY_PHASE_STRIP = NO;
				DEBUG_INFORMATION_FORMAT = "dwarf-with-dsym";
				ENABLE_NS_ASSERTIONS = NO;
				ENABLE_STRICT_OBJC_MSGSEND = YES;
				GCC_C_LANGUAGE_STANDARD = gnu99;
				GCC_NO_COMMON_BLOCKS = YES;
				GCC_WARN_64_TO_32_BIT_CONVERSION = YES;
				GCC_WARN_ABOUT_RETURN_TYPE = YES_ERROR;
				GCC_WARN_UNDECLARED_SELECTOR = YES;
				GCC_WARN_UNINITIALIZED_AUTOS = YES_AGGRESSIVE;
				GCC_WARN_UNUSED_FUNCTION = YES;
				GCC_WARN_UNUSED_VARIABLE = YES;
				IPHONEOS_DEPLOYMENT_TARGET = 9.3;
				MTL_ENABLE_DEBUG_INFO = NO;
				SDKROOT = iphoneos;
				TARGETED_DEVICE_FAMILY = "1,2";
				VALIDATE_PRODUCT = YES;
			};
			name = Release;
		};
		45311E061D77CEDD00B8E34F /* Debug */ = {
			isa = XCBuildConfiguration;
			baseConfigurationReference = 4EACEE18716FC4E849B0C976 /* Pods-PC Controller.debug.xcconfig */;
			buildSettings = {
				ASSETCATALOG_COMPILER_APPICON_NAME = AppIcon;
				ASSETCATALOG_COMPILER_LAUNCHIMAGE_NAME = LaunchImage;
				GCC_PREFIX_HEADER = "PC Controller/PrefixHeader.pch";
				INFOPLIST_FILE = "PC Controller/Info.plist";
				LD_RUNPATH_SEARCH_PATHS = "$(inherited) @executable_path/Frameworks";
				PRODUCT_BUNDLE_IDENTIFIER = "com.afei.cn.PC-Controller";
				PRODUCT_NAME = "$(TARGET_NAME)";
				USER_HEADER_SEARCH_PATHS = "$(PODS_ROOT)/**";
			};
			name = Debug;
		};
		45311E071D77CEDD00B8E34F /* Release */ = {
			isa = XCBuildConfiguration;
			baseConfigurationReference = F09B7A10A96BE7DAE6B7C861 /* Pods-PC Controller.release.xcconfig */;
			buildSettings = {
				ASSETCATALOG_COMPILER_APPICON_NAME = AppIcon;
				ASSETCATALOG_COMPILER_LAUNCHIMAGE_NAME = LaunchImage;
				GCC_PREFIX_HEADER = "PC Controller/PrefixHeader.pch";
				INFOPLIST_FILE = "PC Controller/Info.plist";
				LD_RUNPATH_SEARCH_PATHS = "$(inherited) @executable_path/Frameworks";
				PRODUCT_BUNDLE_IDENTIFIER = "com.afei.cn.PC-Controller";
				PRODUCT_NAME = "$(TARGET_NAME)";
				USER_HEADER_SEARCH_PATHS = "$(PODS_ROOT)/**";
			};
			name = Release;
		};
		45311E091D77CEDD00B8E34F /* Debug */ = {
			isa = XCBuildConfiguration;
			baseConfigurationReference = 20947D8B8181D8E4FCD8D344 /* Pods-PC ControllerTests.debug.xcconfig */;
			buildSettings = {
				BUNDLE_LOADER = "$(TEST_HOST)";
				INFOPLIST_FILE = "PC ControllerTests/Info.plist";
				LD_RUNPATH_SEARCH_PATHS = "$(inherited) @executable_path/Frameworks @loader_path/Frameworks";
				PRODUCT_BUNDLE_IDENTIFIER = "com.afei.cn.PC-ControllerTests";
				PRODUCT_NAME = "$(TARGET_NAME)";
				TEST_HOST = "$(BUILT_PRODUCTS_DIR)/PC Controller.app/PC Controller";
			};
			name = Debug;
		};
		45311E0A1D77CEDD00B8E34F /* Release */ = {
			isa = XCBuildConfiguration;
			baseConfigurationReference = 9E794A0C4DBFE9B7E752D306 /* Pods-PC ControllerTests.release.xcconfig */;
			buildSettings = {
				BUNDLE_LOADER = "$(TEST_HOST)";
				INFOPLIST_FILE = "PC ControllerTests/Info.plist";
				LD_RUNPATH_SEARCH_PATHS = "$(inherited) @executable_path/Frameworks @loader_path/Frameworks";
				PRODUCT_BUNDLE_IDENTIFIER = "com.afei.cn.PC-ControllerTests";
				PRODUCT_NAME = "$(TARGET_NAME)";
				TEST_HOST = "$(BUILT_PRODUCTS_DIR)/PC Controller.app/PC Controller";
			};
			name = Release;
		};
		45311E0C1D77CEDD00B8E34F /* Debug */ = {
			isa = XCBuildConfiguration;
			baseConfigurationReference = 9FD3BB16AB1398E3568F23B3 /* Pods-PC ControllerUITests.debug.xcconfig */;
			buildSettings = {
				INFOPLIST_FILE = "PC ControllerUITests/Info.plist";
				LD_RUNPATH_SEARCH_PATHS = "$(inherited) @executable_path/Frameworks @loader_path/Frameworks";
				PRODUCT_BUNDLE_IDENTIFIER = "com.afei.cn.PC-ControllerUITests";
				PRODUCT_NAME = "$(TARGET_NAME)";
				TEST_TARGET_NAME = "PC Controller";
			};
			name = Debug;
		};
		45311E0D1D77CEDD00B8E34F /* Release */ = {
			isa = XCBuildConfiguration;
			baseConfigurationReference = E1644824F03E262109E9F874 /* Pods-PC ControllerUITests.release.xcconfig */;
			buildSettings = {
				INFOPLIST_FILE = "PC ControllerUITests/Info.plist";
				LD_RUNPATH_SEARCH_PATHS = "$(inherited) @executable_path/Frameworks @loader_path/Frameworks";
				PRODUCT_BUNDLE_IDENTIFIER = "com.afei.cn.PC-ControllerUITests";
				PRODUCT_NAME = "$(TARGET_NAME)";
				TEST_TARGET_NAME = "PC Controller";
			};
			name = Release;
		};
/* End XCBuildConfiguration section */

/* Begin XCConfigurationList section */
		45311DD01D77CEDC00B8E34F /* Build configuration list for PBXProject "PC Controller" */ = {
			isa = XCConfigurationList;
			buildConfigurations = (
				45311E031D77CEDD00B8E34F /* Debug */,
				45311E041D77CEDD00B8E34F /* Release */,
			);
			defaultConfigurationIsVisible = 0;
			defaultConfigurationName = Release;
		};
		45311E051D77CEDD00B8E34F /* Build configuration list for PBXNativeTarget "PC Controller" */ = {
			isa = XCConfigurationList;
			buildConfigurations = (
				45311E061D77CEDD00B8E34F /* Debug */,
				45311E071D77CEDD00B8E34F /* Release */,
			);
			defaultConfigurationIsVisible = 0;
			defaultConfigurationName = Release;
		};
		45311E081D77CEDD00B8E34F /* Build configuration list for PBXNativeTarget "PC ControllerTests" */ = {
			isa = XCConfigurationList;
			buildConfigurations = (
				45311E091D77CEDD00B8E34F /* Debug */,
				45311E0A1D77CEDD00B8E34F /* Release */,
			);
			defaultConfigurationIsVisible = 0;
			defaultConfigurationName = Release;
		};
		45311E0B1D77CEDD00B8E34F /* Build configuration list for PBXNativeTarget "PC ControllerUITests" */ = {
			isa = XCConfigurationList;
			buildConfigurations = (
				45311E0C1D77CEDD00B8E34F /* Debug */,
				45311E0D1D77CEDD00B8E34F /* Release */,
			);
			defaultConfigurationIsVisible = 0;
			defaultConfigurationName = Release;
		};
/* End XCConfigurationList section */

/* Begin XCVersionGroup section */
		45311DE41D77CEDD00B8E34F /* PC_Controller.xcdatamodeld */ = {
			isa = XCVersionGroup;
			children = (
				45311DE51D77CEDD00B8E34F /* PC_Controller.xcdatamodel */,
			);
			currentVersion = 45311DE51D77CEDD00B8E34F /* PC_Controller.xcdatamodel */;
			path = PC_Controller.xcdatamodeld;
			sourceTree = "<group>";
			versionGroupType = wrapper.xcdatamodel;
		};
/* End XCVersionGroup section */
	};
	rootObject = 45311DCD1D77CEDC00B8E34F /* Project object */;
}
